
Microsoft Visual Studio Solution File, Format Version 12.00
# Visual Studio Version 17
VisualStudioVersion = 17.1.32421.90
MinimumVisualStudioVersion = 10.0.40219.1
Project("{8BC9CEB8-8B4A-11D0-8D11-00A0C91BC942}") = "OP_Lab1_Cpp", "OP_Lab1_Cpp\OP_Lab1_Cpp.vcxproj", "{2756E51E-4C6E-4B50-89E6-1C96CEA6AB92}"
EndProject
Project("{888888A0-9F3D-457C-B088-3A5042F75D52}") = "OP_Lab1_Python", "OP_Lab1_Python\OP_Lab1_Python.pyproj", "{A68BA86A-EF86-4DCD-958F-2F0CEC897442}"
EndProject
Project("{8BC9CEB8-8B4A-11D0-8D11-00A0C91BC942}") = "OP_Lab1_2_Cpp", "OP_Lab1_2_Cpp\OP_Lab1_2_Cpp.vcxproj", "{59017AB5-454B-4AAF-AC89-2481BA3E9364}"
EndProject
Project("{8BC9CEB8-8B4A-11D0-8D11-00A0C91BC942}") = "OP_Lab2_Cpp", "OP_Lab2_Cpp\OP_Lab2_Cpp.vcxproj", "{9E3A6ACA-31ED-46E0-9485-E25B6E57ACD3}"
EndProject
Project("{888888A0-9F3D-457C-B088-3A5042F75D52}") = "OP_Lab2_Python", "OP_Lab2_Python\OP_Lab2_Python.pyproj", "{D993D21A-30B0-4E6A-A107-4C33BD179D54}"
EndProject
Project("{888888A0-9F3D-457C-B088-3A5042F75D52}") = "OP_Lab2_2_Python", "OP_Lab2_2_Python\OP_Lab2_2_Python.pyproj", "{2797832A-CC4B-484E-8684-D086FB42718E}"
EndProject
Project("{8BC9CEB8-8B4A-11D0-8D11-00A0C91BC942}") = "OP_Lab3_Cpp", "OP_Lab3_Cpp\OP_Lab3_Cpp.vcxproj", "{66C48AE5-CC61-41D5-9499-6118A6661711}"
EndProject
Project("{8BC9CEB8-8B4A-11D0-8D11-00A0C91BC942}") = "OP_Lab4_Cpp", "OP_Lab4_Cpp\OP_Lab4_Cpp.vcxproj", "{4430979B-CAD9-4369-AEF2-5CCC22989A01}"
EndProject
Project("{8BC9CEB8-8B4A-11D0-8D11-00A0C91BC942}") = "OP_Lab5_Cpp", "OP_Lab5_Cpp\OP_Lab5_Cpp.vcxproj", "{75163CE7-4144-42F4-A69D-44ED4004B358}"
EndProject
Project("{888888A0-9F3D-457C-B088-3A5042F75D52}") = "OP_Lab5_Python", "OP_Lab5_Python\OP_Lab5_Python.pyproj", "{3581A14F-98EA-4D6E-94CD-33C6EC82C5CE}"
EndProject
Project("{8BC9CEB8-8B4A-11D0-8D11-00A0C91BC942}") = "OP_Lab6_Cpp", "OP_Lab6_Cpp\OP_Lab6_Cpp.vcxproj", "{B5DC2502-73FA-4125-9B50-2EE0030F701E}"
EndProject
Global
	GlobalSection(SolutionConfigurationPlatforms) = preSolution
		Debug|Any CPU = Debug|Any CPU
		Debug|x64 = Debug|x64
		Debug|x86 = Debug|x86
		Release|Any CPU = Release|Any CPU
		Release|x64 = Release|x64
		Release|x86 = Release|x86
	EndGlobalSection
	GlobalSection(ProjectConfigurationPlatforms) = postSolution
		{2756E51E-4C6E-4B50-89E6-1C96CEA6AB92}.Debug|Any CPU.ActiveCfg = Debug|Win32
		{2756E51E-4C6E-4B50-89E6-1C96CEA6AB92}.Debug|x64.ActiveCfg = Debug|x64
		{2756E51E-4C6E-4B50-89E6-1C96CEA6AB92}.Debug|x64.Build.0 = Debug|x64
		{2756E51E-4C6E-4B50-89E6-1C96CEA6AB92}.Debug|x86.ActiveCfg = Debug|Win32
		{2756E51E-4C6E-4B50-89E6-1C96CEA6AB92}.Debug|x86.Build.0 = Debug|Win32
		{2756E51E-4C6E-4B50-89E6-1C96CEA6AB92}.Release|Any CPU.ActiveCfg = Release|Win32
		{2756E51E-4C6E-4B50-89E6-1C96CEA6AB92}.Release|x64.ActiveCfg = Release|x64
		{2756E51E-4C6E-4B50-89E6-1C96CEA6AB92}.Release|x64.Build.0 = Release|x64
		{2756E51E-4C6E-4B50-89E6-1C96CEA6AB92}.Release|x86.ActiveCfg = Release|Win32
		{2756E51E-4C6E-4B50-89E6-1C96CEA6AB92}.Release|x86.Build.0 = Release|Win32
		{A68BA86A-EF86-4DCD-958F-2F0CEC897442}.Debug|Any CPU.ActiveCfg = Debug|Any CPU
		{A68BA86A-EF86-4DCD-958F-2F0CEC897442}.Debug|x64.ActiveCfg = Debug|Any CPU
		{A68BA86A-EF86-4DCD-958F-2F0CEC897442}.Debug|x86.ActiveCfg = Debug|Any CPU
		{A68BA86A-EF86-4DCD-958F-2F0CEC897442}.Release|Any CPU.ActiveCfg = Release|Any CPU
		{A68BA86A-EF86-4DCD-958F-2F0CEC897442}.Release|x64.ActiveCfg = Release|Any CPU
		{A68BA86A-EF86-4DCD-958F-2F0CEC897442}.Release|x86.ActiveCfg = Release|Any CPU
		{59017AB5-454B-4AAF-AC89-2481BA3E9364}.Debug|Any CPU.ActiveCfg = Debug|Win32
		{59017AB5-454B-4AAF-AC89-2481BA3E9364}.Debug|x64.ActiveCfg = Debug|x64
		{59017AB5-454B-4AAF-AC89-2481BA3E9364}.Debug|x64.Build.0 = Debug|x64
		{59017AB5-454B-4AAF-AC89-2481BA3E9364}.Debug|x86.ActiveCfg = Debug|Win32
		{59017AB5-454B-4AAF-AC89-2481BA3E9364}.Debug|x86.Build.0 = Debug|Win32
		{59017AB5-454B-4AAF-AC89-2481BA3E9364}.Release|Any CPU.ActiveCfg = Release|Win32
		{59017AB5-454B-4AAF-AC89-2481BA3E9364}.Release|x64.ActiveCfg = Release|x64
		{59017AB5-454B-4AAF-AC89-2481BA3E9364}.Release|x64.Build.0 = Release|x64
		{59017AB5-454B-4AAF-AC89-2481BA3E9364}.Release|x86.ActiveCfg = Release|Win32
		{59017AB5-454B-4AAF-AC89-2481BA3E9364}.Release|x86.Build.0 = Release|Win32
		{9E3A6ACA-31ED-46E0-9485-E25B6E57ACD3}.Debug|Any CPU.ActiveCfg = Debug|Win32
		{9E3A6ACA-31ED-46E0-9485-E25B6E57ACD3}.Debug|x64.ActiveCfg = Debug|x64
		{9E3A6ACA-31ED-46E0-9485-E25B6E57ACD3}.Debug|x64.Build.0 = Debug|x64
		{9E3A6ACA-31ED-46E0-9485-E25B6E57ACD3}.Debug|x86.ActiveCfg = Debug|Win32
		{9E3A6ACA-31ED-46E0-9485-E25B6E57ACD3}.Debug|x86.Build.0 = Debug|Win32
		{9E3A6ACA-31ED-46E0-9485-E25B6E57ACD3}.Release|Any CPU.ActiveCfg = Release|Win32
		{9E3A6ACA-31ED-46E0-9485-E25B6E57ACD3}.Release|x64.ActiveCfg = Release|x64
		{9E3A6ACA-31ED-46E0-9485-E25B6E57ACD3}.Release|x64.Build.0 = Release|x64
		{9E3A6ACA-31ED-46E0-9485-E25B6E57ACD3}.Release|x86.ActiveCfg = Release|Win32
		{9E3A6ACA-31ED-46E0-9485-E25B6E57ACD3}.Release|x86.Build.0 = Release|Win32
		{D993D21A-30B0-4E6A-A107-4C33BD179D54}.Debug|Any CPU.ActiveCfg = Debug|Any CPU
		{D993D21A-30B0-4E6A-A107-4C33BD179D54}.Debug|x64.ActiveCfg = Debug|Any CPU
		{D993D21A-30B0-4E6A-A107-4C33BD179D54}.Debug|x86.ActiveCfg = Debug|Any CPU
		{D993D21A-30B0-4E6A-A107-4C33BD179D54}.Release|Any CPU.ActiveCfg = Release|Any CPU
		{D993D21A-30B0-4E6A-A107-4C33BD179D54}.Release|x64.ActiveCfg = Release|Any CPU
		{D993D21A-30B0-4E6A-A107-4C33BD179D54}.Release|x86.ActiveCfg = Release|Any CPU
		{2797832A-CC4B-484E-8684-D086FB42718E}.Debug|Any CPU.ActiveCfg = Debug|Any CPU
		{2797832A-CC4B-484E-8684-D086FB42718E}.Debug|x64.ActiveCfg = Debug|Any CPU
		{2797832A-CC4B-484E-8684-D086FB42718E}.Debug|x86.ActiveCfg = Debug|Any CPU
		{2797832A-CC4B-484E-8684-D086FB42718E}.Release|Any CPU.ActiveCfg = Release|Any CPU
		{2797832A-CC4B-484E-8684-D086FB42718E}.Release|x64.ActiveCfg = Release|Any CPU
		{2797832A-CC4B-484E-8684-D086FB42718E}.Release|x86.ActiveCfg = Release|Any CPU
		{66C48AE5-CC61-41D5-9499-6118A6661711}.Debug|Any CPU.ActiveCfg = Debug|Win32
		{66C48AE5-CC61-41D5-9499-6118A6661711}.Debug|x64.ActiveCfg = Debug|x64
		{66C48AE5-CC61-41D5-9499-6118A6661711}.Debug|x64.Build.0 = Debug|x64
		{66C48AE5-CC61-41D5-9499-6118A6661711}.Debug|x86.ActiveCfg = Debug|Win32
		{66C48AE5-CC61-41D5-9499-6118A6661711}.Debug|x86.Build.0 = Debug|Win32
		{66C48AE5-CC61-41D5-9499-6118A6661711}.Release|Any CPU.ActiveCfg = Release|Win32
		{66C48AE5-CC61-41D5-9499-6118A6661711}.Release|x64.ActiveCfg = Release|x64
		{66C48AE5-CC61-41D5-9499-6118A6661711}.Release|x64.Build.0 = Release|x64
		{66C48AE5-CC61-41D5-9499-6118A6661711}.Release|x86.ActiveCfg = Release|Win32
		{66C48AE5-CC61-41D5-9499-6118A6661711}.Release|x86.Build.0 = Release|Win32
		{4430979B-CAD9-4369-AEF2-5CCC22989A01}.Debug|Any CPU.ActiveCfg = Debug|Win32
		{4430979B-CAD9-4369-AEF2-5CCC22989A01}.Debug|x64.ActiveCfg = Debug|x64
		{4430979B-CAD9-4369-AEF2-5CCC22989A01}.Debug|x64.Build.0 = Debug|x64
		{4430979B-CAD9-4369-AEF2-5CCC22989A01}.Debug|x86.ActiveCfg = Debug|Win32
		{4430979B-CAD9-4369-AEF2-5CCC22989A01}.Debug|x86.Build.0 = Debug|Win32
		{4430979B-CAD9-4369-AEF2-5CCC22989A01}.Release|Any CPU.ActiveCfg = Release|Win32
		{4430979B-CAD9-4369-AEF2-5CCC22989A01}.Release|x64.ActiveCfg = Release|x64
		{4430979B-CAD9-4369-AEF2-5CCC22989A01}.Release|x64.Build.0 = Release|x64
		{4430979B-CAD9-4369-AEF2-5CCC22989A01}.Release|x86.ActiveCfg = Release|Win32
		{4430979B-CAD9-4369-AEF2-5CCC22989A01}.Release|x86.Build.0 = Release|Win32
		{75163CE7-4144-42F4-A69D-44ED4004B358}.Debug|Any CPU.ActiveCfg = Debug|x64
		{75163CE7-4144-42F4-A69D-44ED4004B358}.Debug|Any CPU.Build.0 = Debug|x64
		{75163CE7-4144-42F4-A69D-44ED4004B358}.Debug|x64.ActiveCfg = Debug|x64
		{75163CE7-4144-42F4-A69D-44ED4004B358}.Debug|x64.Build.0 = Debug|x64
		{75163CE7-4144-42F4-A69D-44ED4004B358}.Debug|x86.ActiveCfg = Debug|Win32
		{75163CE7-4144-42F4-A69D-44ED4004B358}.Debug|x86.Build.0 = Debug|Win32
		{75163CE7-4144-42F4-A69D-44ED4004B358}.Release|Any CPU.ActiveCfg = Release|x64
		{75163CE7-4144-42F4-A69D-44ED4004B358}.Release|Any CPU.Build.0 = Release|x64
		{75163CE7-4144-42F4-A69D-44ED4004B358}.Release|x64.ActiveCfg = Release|x64
		{75163CE7-4144-42F4-A69D-44ED4004B358}.Release|x64.Build.0 = Release|x64
		{75163CE7-4144-42F4-A69D-44ED4004B358}.Release|x86.ActiveCfg = Release|Win32
		{75163CE7-4144-42F4-A69D-44ED4004B358}.Release|x86.Build.0 = Release|Win32
		{3581A14F-98EA-4D6E-94CD-33C6EC82C5CE}.Debug|Any CPU.ActiveCfg = Debug|Any CPU
		{3581A14F-98EA-4D6E-94CD-33C6EC82C5CE}.Debug|x64.ActiveCfg = Debug|Any CPU
		{3581A14F-98EA-4D6E-94CD-33C6EC82C5CE}.Debug|x86.ActiveCfg = Debug|Any CPU
		{3581A14F-98EA-4D6E-94CD-33C6EC82C5CE}.Release|Any CPU.ActiveCfg = Release|Any CPU
		{3581A14F-98EA-4D6E-94CD-33C6EC82C5CE}.Release|x64.ActiveCfg = Release|Any CPU
		{3581A14F-98EA-4D6E-94CD-33C6EC82C5CE}.Release|x86.ActiveCfg = Release|Any CPU
		{B5DC2502-73FA-4125-9B50-2EE0030F701E}.Debug|Any CPU.ActiveCfg = Debug|x64
		{B5DC2502-73FA-4125-9B50-2EE0030F701E}.Debug|Any CPU.Build.0 = Debug|x64
		{B5DC2502-73FA-4125-9B50-2EE0030F701E}.Debug|x64.ActiveCfg = Debug|x64
		{B5DC2502-73FA-4125-9B50-2EE0030F701E}.Debug|x64.Build.0 = Debug|x64
		{B5DC2502-73FA-4125-9B50-2EE0030F701E}.Debug|x86.ActiveCfg = Debug|Win32
		{B5DC2502-73FA-4125-9B50-2EE0030F701E}.Debug|x86.Build.0 = Debug|Win32
		{B5DC2502-73FA-4125-9B50-2EE0030F701E}.Release|Any CPU.ActiveCfg = Release|x64
		{B5DC2502-73FA-4125-9B50-2EE0030F701E}.Release|Any CPU.Build.0 = Release|x64
		{B5DC2502-73FA-4125-9B50-2EE0030F701E}.Release|x64.ActiveCfg = Release|x64
		{B5DC2502-73FA-4125-9B50-2EE0030F701E}.Release|x64.Build.0 = Release|x64
		{B5DC2502-73FA-4125-9B50-2EE0030F701E}.Release|x86.ActiveCfg = Release|Win32
		{B5DC2502-73FA-4125-9B50-2EE0030F701E}.Release|x86.Build.0 = Release|Win32
	EndGlobalSection
	GlobalSection(SolutionProperties) = preSolution
		HideSolutionNode = FALSE
	EndGlobalSection
	GlobalSection(ExtensibilityGlobals) = postSolution
		SolutionGuid = {20FAC9C6-2FE0-48D1-8A45-B5139070D2A0}
	EndGlobalSection
EndGlobal
